
Microsoft Visual Studio Solution File, Format Version 12.00
# Visual Studio Version 17
VisualStudioVersion = 17.10.34804.81
MinimumVisualStudioVersion = 10.0.40219.1
Project("{FAE04EC0-301F-11D3-BF4B-00C04F79EFBC}") = "HerenciaEjercicio1", "HerenciaEjercicio1\HerenciaEjercicio1.csproj", "{02E35B67-F13F-4770-97CA-BF858475884B}"
EndProject
Global
	GlobalSection(SolutionConfigurationPlatforms) = preSolution
		Debug|Any CPU = Debug|Any CPU
		Release|Any CPU = Release|Any CPU
	EndGlobalSection
	GlobalSection(ProjectConfigurationPlatforms) = postSolution
		{02E35B67-F13F-4770-97CA-BF858475884B}.Debug|Any CPU.ActiveCfg = Debug|Any CPU
		{02E35B67-F13F-4770-97CA-BF858475884B}.Debug|Any CPU.Build.0 = Debug|Any CPU
		{02E35B67-F13F-4770-97CA-BF858475884B}.Release|Any CPU.ActiveCfg = Release|Any CPU
		{02E35B67-F13F-4770-97CA-BF858475884B}.Release|Any CPU.Build.0 = Release|Any CPU
	EndGlobalSection
	GlobalSection(SolutionProperties) = preSolution
		HideSolutionNode = FALSE
	EndGlobalSection
	GlobalSection(ExtensibilityGlobals) = postSolution
		SolutionGuid = {1B31131E-6261-4BF1-924E-244D2CE50A70}
	EndGlobalSection
EndGlobal
